
Microsoft Visual Studio Solution File, Format Version 12.00
# Visual Studio 15
VisualStudioVersion = 15.0.28307.572
MinimumVisualStudioVersion = 10.0.40219.1
Project("{FAE04EC0-301F-11D3-BF4B-00C04F79EFBC}") = "SimpleFeedly.Web", "Src\SimpleFeedly.Web\SimpleFeedly.Web.csproj", "{E298DC33-D240-4585-AC47-775575246780}"
EndProject
Project("{FAE04EC0-301F-11D3-BF4B-00C04F79EFBC}") = "SimpleFeedly.DbUpdater", "Src\SimpleFeedly.DbUpdater\SimpleFeedly.DbUpdater.csproj", "{0D630322-9BB7-4C55-B216-6E7EB719587B}"
EndProject
Project("{FAE04EC0-301F-11D3-BF4B-00C04F79EFBC}") = "SimpleFeedly.Core", "Src\SimpleFeedly.Core\SimpleFeedly.Core.csproj", "{609AF0C3-68FF-463A-B103-CA448D2EE6E8}"
EndProject
Project("{2150E333-8FDC-42A3-9474-1A3956D46DE8}") = "1. Solution Items", "1. Solution Items", "{3A34698D-D5D9-494E-911A-1232D2101E95}"
	ProjectSection(SolutionItems) = preProject
		README.md = README.md
	EndProjectSection
EndProject
Project("{2150E333-8FDC-42A3-9474-1A3956D46DE8}") = "Scripts", "Scripts", "{E0B8D847-FA7C-4C02-BE7F-1370D4C7A789}"
	ProjectSection(SolutionItems) = preProject
		wiki\Scripts\list-of-channels.sql = wiki\Scripts\list-of-channels.sql
	EndProjectSection
EndProject
Project("{FAE04EC0-301F-11D3-BF4B-00C04F79EFBC}") = "SimpleFeedly.Crawler", "Src\SimpleFeedly.Crawler\SimpleFeedly.Crawler.csproj", "{5C67D3CD-A2F7-4236-AC74-4C283D7F8D9A}"
EndProject
Project("{2150E333-8FDC-42A3-9474-1A3956D46DE8}") = "2. DatabaseUpdater", "2. DatabaseUpdater", "{AC4B4E52-783D-493E-BF29-0005E38F3625}"
EndProject
Global
	GlobalSection(SolutionConfigurationPlatforms) = preSolution
		Debug|Any CPU = Debug|Any CPU
		Release|Any CPU = Release|Any CPU
	EndGlobalSection
	GlobalSection(ProjectConfigurationPlatforms) = postSolution
		{E298DC33-D240-4585-AC47-775575246780}.Debug|Any CPU.ActiveCfg = Debug|Any CPU
		{E298DC33-D240-4585-AC47-775575246780}.Debug|Any CPU.Build.0 = Debug|Any CPU
		{E298DC33-D240-4585-AC47-775575246780}.Release|Any CPU.ActiveCfg = Release|Any CPU
		{E298DC33-D240-4585-AC47-775575246780}.Release|Any CPU.Build.0 = Release|Any CPU
		{0D630322-9BB7-4C55-B216-6E7EB719587B}.Debug|Any CPU.ActiveCfg = Debug|Any CPU
		{0D630322-9BB7-4C55-B216-6E7EB719587B}.Debug|Any CPU.Build.0 = Debug|Any CPU
		{0D630322-9BB7-4C55-B216-6E7EB719587B}.Release|Any CPU.ActiveCfg = Release|Any CPU
		{0D630322-9BB7-4C55-B216-6E7EB719587B}.Release|Any CPU.Build.0 = Release|Any CPU
		{609AF0C3-68FF-463A-B103-CA448D2EE6E8}.Debug|Any CPU.ActiveCfg = Debug|Any CPU
		{609AF0C3-68FF-463A-B103-CA448D2EE6E8}.Debug|Any CPU.Build.0 = Debug|Any CPU
		{609AF0C3-68FF-463A-B103-CA448D2EE6E8}.Release|Any CPU.ActiveCfg = Release|Any CPU
		{609AF0C3-68FF-463A-B103-CA448D2EE6E8}.Release|Any CPU.Build.0 = Release|Any CPU
		{5C67D3CD-A2F7-4236-AC74-4C283D7F8D9A}.Debug|Any CPU.ActiveCfg = Debug|Any CPU
		{5C67D3CD-A2F7-4236-AC74-4C283D7F8D9A}.Debug|Any CPU.Build.0 = Debug|Any CPU
		{5C67D3CD-A2F7-4236-AC74-4C283D7F8D9A}.Release|Any CPU.ActiveCfg = Release|Any CPU
		{5C67D3CD-A2F7-4236-AC74-4C283D7F8D9A}.Release|Any CPU.Build.0 = Release|Any CPU
	EndGlobalSection
	GlobalSection(SolutionProperties) = preSolution
		HideSolutionNode = FALSE
	EndGlobalSection
	GlobalSection(NestedProjects) = preSolution
		{0D630322-9BB7-4C55-B216-6E7EB719587B} = {AC4B4E52-783D-493E-BF29-0005E38F3625}
		{E0B8D847-FA7C-4C02-BE7F-1370D4C7A789} = {3A34698D-D5D9-494E-911A-1232D2101E95}
	EndGlobalSection
	GlobalSection(ExtensibilityGlobals) = postSolution
		SolutionGuid = {875E97AF-6F0B-4DE6-8210-A4FA0F289E60}
	EndGlobalSection
EndGlobal
